github.com/davecgh/go-spew v1.1.0/go.mod h1:J7Y8YcW2NihsgmVo/mv3lAwl/skON4iLHjSsI+c5H38=
github.com/davecgh/go-spew v1.1.1 h1:vj9j/u1bqnvCEfJOwUhtlOARqs3+rkHYY13jYWTU97c=
github.com/davecgh/go-spew v1.1.1/go.mod h1:J7Y8YcW2NihsgmVo/mv3lAwl/skON4iLHjSsI+c5H38=
github.com/go-playground/locales v0.12.1 h1:2FITxuFt/xuCNP1Acdhv62OzaCiviiE4kotfhkmOqEc=
github.com/go-playground/locales v0.12.1/go.mod h1:IUMDtCfWo/w/mtMfIE/IG2K+Ey3ygWanZIBtBW0W2TM=
github.com/go-playground/universal-translator v0.16.0 h1:X++omBR/4cE2MNg91AoC3rmGrCjJ8eAeUP/K/EKx4DM=
github.com/go-playground/universal-translator v0.16.0/go.mod h1:1AnU7NaIRDWWzGEKwgtJRd2xk99HeFyHw3yid4rvQIY=
github.com/golang/gddo v0.0.0-20190419222130-af0f2af80721 h1:KRMr9A3qfbVM7iV/WcLY/rL5LICqwMHLhwRXKu99fXw=
github.com/golang/gddo v0.0.0-20190419222130-af0f2af80721/go.mod h1:xEhNfoBDX1hzLm2Nf80qUvZ2sVwoMZ8d6IE2SrsQfh4=
github.com/google/go-cmp v0.3.1 h1:Xye71clBPdm5HgqGwUkwhbynsUJZhDbS20FvLhQ2izg=
github.com/google/go-cmp v0.3.1/go.mod h1:8QqcDgzrUqlUb/G2PQTWiueGozuR1884gddMywk6iLU=
github.com/google/uuid v1.1.1 h1:Gkbcsh/GbpXz7lPftLA3P6TYMwjCLYm83jiFQZF/3gY=
github.com/google/uuid v1.1.1/go.mod h1:TIyPZe4MgqvfeYDBFedMoGGpEw/LqOeaOT+nhxU+yHo=
github.com/julienschmidt/httprouter v1.3.0 h1:U0609e9tgbseu3rBINet9P48AI/D3oJs4dN7jwJOQ1U=
github.com/julienschmidt/httprouter v1.3.0/go.mod h1:JR6WtHb+2LUe8TCKY3cZOxFyyO8IZAc4RVcycCCAKdM=
github.com/kr/pretty v0.1.0 h1:L/CwN0zerZDmRFUapSPitk6f+Q3+0za1rQkzVuMiMFI=
github.com/kr/pretty v0.1.0/go.mod h1:dAy3ld7l9f0ibDNOQOHHMYYIIbhfbHSm3C4ZsoJORNo=
github.com/kr/pty v1.1.1/go.mod h1:pFQYn66WHrOpPYNljwOMqo10TkYh1fy3cYio2l3bCsQ=
github.com/kr/text v0.1.0 h1:45sCR5RtlFHMR4UwH9sdQ5TC8v0qDQCHnXt+kaKSTVE=
github.com/kr/text v0.1.0/go.mod h1:4Jbv+DJW3UT/LiOwJeYQe1efqtUx/iVham/4vfdArNI=
github.com/leodido/go-urn v1.1.0 h1:Sm1gr51B1kKyfD2BlRcLSiEkffoG96g6TPv6eRoEiB8=
github.com/leodido/go-urn v1.1.0/go.mod h1:+cyI34gQWZcE1eQU7NVgKkkzdXDQHr1dBMtdAPozLkw=
github.com/neuronlabs/brotli v1.0.1 h1:hsqYyCmZ2zTZlK8FEUgNNGysaO+5SrhaFz/e/FbLlpI=
github.com/neuronlabs/brotli v1.0.1/go.mod h1:iysgfWo5kgcULNA2Yi6IRolAdZtg4EMEJkQPEcXnF5I=
github.com/neuronlabs/errors v1.2.0 h1:ZNd5FCpwCvrLopuKcJD1eOi4dwTdJnooDCjU7FvG/s4=
github.com/neuronlabs/errors v1.2.0/go.mod h1:5XKrARpZvFkOmk8NFPPlRWCDdamLN7sxO7eO51M/tn4=
github.com/neuronlabs/inflection v1.0.1 h1:LDuwbM1jYKEf6DDcA7XV7JRn3Sv9/PBiW6iUojZhTZ4=
github.com/neuronlabs/inflection v1.0.1/go.mod h1:gnqNj1uxAGPYT1LsHRvSyBcd57vvIKTuTmS3ffdgRd8=
github.com/neuronlabs/jsonapi v0.11.2/go.mod h1:/jjyUoJJ8rDcZQCRWlaA9vQD/DL4ejqUCnnnQmt6yIE=
github.com/neuronlabs/jsonapi v0.14.0 h1:SJQEaEnav4DIz4/0r7tsFXbNENJ8Qi2nxSVxDKKUnO4=
github.com/neuronlabs/jsonapi v0.14.0/go.mod h1:KyViAYPFW60ZUZF2E32FsHNEWG+nwoR+MLBiGKWUpnQ=
github.com/neuronlabs/jsonapi-handler v0.0.1 h1:tKynqVWmY7wDPlELr6JNNaxfklz/A3uzgs2K+b2PwwY=
github.com/neuronlabs/jsonapi-handler v0.0.1/go.mod h1:l0YxGfwaEbPWk6+dugsm7i1bzWZEyG7heU1WK1Ct93s=
github.com/neuronlabs/neuron-core v0.11.20/go.mod h1:GtynMQn14xXjC/IS7kPXHaikT8n8dGcCQsMg9zEsTUs=
github.com/neuronlabs/neuron-core v0.11.21/go.mod h1:GtynMQn14xXjC/IS7kPXHaikT8n8dGcCQsMg9zEsTUs=
github.com/neuronlabs/neuron-core v0.11.22 h1:obV/bT5HLsxB5C1y5oFzXSW1q9irkvnT3DF/YAqBbYY=
github.com/neuronlabs/neuron-core v0.11.22/go.mod h1:GtynMQn14xXjC/IS7kPXHaikT8n8dGcCQsMg9zEsTUs=
github.com/neuronlabs/neuron-core v0.14.0 h1:cPl0FM0z5b9bFo+ShG45j0G0AjWm78UYbADroISFiL0=
github.com/neuronlabs/neuron-core v0.14.0/go.mod h1:GtynMQn14xXjC/IS7kPXHaikT8n8dGcCQsMg9zEsTUs=
github.com/neuronlabs/neuron-mocks v0.12.0/go.mod h1:VnwOKkVlwt4yZ5/hHnJ1AnuHBRuXcPgJQdLMJBbrKLc=
github.com/neuronlabs/neuron-mocks v0.12.1/go.mod h1:VnwOKkVlwt4yZ5/hHnJ1AnuHBRuXcPgJQdLMJBbrKLc=
github.com/neuronlabs/neuron-mocks v0.14.0 h1:65ldfV+PsYNToh03xFAhYEEfDXMKKcquHFUzMXGC4l8=
github.com/neuronlabs/neuron-mocks v0.14.0/go.mod h1:NXSUzLbe0N71ZWxANhUUcVxIIK0VMy6J4lwH2xzGSI8=
github.com/neuronlabs/neuron-plugins v0.0.0-20200717092015-ffd984ac8f41 h1:WgyxJxIczFENcT4lXk7y5ODarI3iTTT/Y2r2QyN+41w=
github.com/neuronlabs/neuron-plugins/server/http v0.0.0-20200717092015-ffd984ac8f41 h1:EVT344L/jpGEwwSRXzg7bhelTmVyu0q5M9IWsrRbmOE=
github.com/neuronlabs/neuron-plugins/server/http v0.0.0-20200717092015-ffd984ac8f41/go.mod h1:4+sWzu/Q4boir0Ktndrw+mWrDfcVXV6yzWLZ4wBSNd0=
github.com/neuronlabs/strcase v1.0.0 h1:F/7Scr7ojAL6l5g3MQiCENGlMI/NK6LwAfaURcUiI7U=
github.com/neuronlabs/strcase v1.0.0/go.mod h1:IhdRx7jB1zZAQ5r2ryfBc/28sWmXZDbQi7XokQKCpgo=
github.com/neuronlabs/uni-logger v1.1.1 h1:eQsT4fGOI+oHiBc7o5w1gvQUtafcUK59QEIBee9IZEw=
github.com/neuronlabs/uni-logger v1.1.1/go.mod h1:giIUw/+3UTyXamP5WRLlLxO3MBNuX4r4kJxN0nJUOvM=
github.com/pmezard/go-difflib v1.0.0 h1:4DBwDE0NGyQoBHbLQYPwSUPoCMWR5BEzIk/f1lZbAQM=
github.com/pmezard/go-difflib v1.0.0/go.mod h1:iKH77koFhYxTK1pcRnkKkqfTogsbg7gZNVY4sRDYZ/4=
github.com/stretchr/objx v0.1.0/go.mod h1:HFkY916IF+rwdDfMAkV7OtwuqBVzrE8GR6GFx+wExME=
github.com/stretchr/objx v0.2.0 h1:Hbg2NidpLE8veEBkEZTL3CvlkUIVzuU9jDplZO54c48=
github.com/stretchr/objx v0.2.0/go.mod h1:qt09Ya8vawLte6SNmTgCsAVtYtaKzEcn8ATUoHMkEqE=
github.com/stretchr/testify v1.3.0/go.mod h1:M5WIy9Dh21IEIfnGCwXGc5bZfKNJtfHm1UVUgZn+9EI=
github.com/stretchr/testify v1.4.0 h1:2E4SXV/wtOkTonXsotYi4li6zVWxYlZuYNCXe9XRJyk=
github.com/stretchr/testify v1.4.0/go.mod h1:j7eGeouHqKxXV5pUuKE4zz7dFj8WfuZ+81PSLYec5m4=
github.com/yuin/goldmark v1.1.32/go.mod h1:3hX8gzYuyVAZsxl0MRgGTJEmQBFcNTphYh9decYSb74=
golang.org/x/crypto v0.0.0-20190308221718-c2843e01d9a2/go.mod h1:djNgcEr1/C05ACkg1iLfiJU5Ep61QUkGW8qpdssI0+w=
golang.org/x/crypto v0.0.0-20191011191535-87dc89f01550/go.mod h1:yigFU9vqHzYiE8UmvKecakEJjdnWj3jj499lnFckfCI=
golang.org/x/crypto v0.0.0-20200622213623-75b288015ac9/go.mod h1:LzIPMQfyMNhhGPhUkYOs5KpL4U8rLKemX1yGLhDgUto=
golang.org/x/mod v0.3.0/go.mod h1:s0Qsj1ACt9ePp/hMypM3fl4fZqREWJwdYDEqhRiZZUA=
golang.org/x/net v0.0.0-20190404232315-eb5bcb51f2a3/go.mod h1:t9HGtf8HONx5eT2rtn7q6eTqICYqUVnKs3thJo3Qplg=
golang.org/x/net v0.0.0-20190620200207-3b0461eec859/go.mod h1:z5CRVTTTmAJ677TzLLGU+0bjPO0LkuOLi4/5GtJWs/s=
golang.org/x/net v0.0.0-20200625001655-4c5254603344/go.mod h1:/O7V0waA8r7cgGh81Ro3o1hOxt32SMVPicZroKQ2sZA=
golang.org/x/sync v0.0.0-20190423024810-112230192c58/go.mod h1:RxMgew5VJxzue5/jJTE5uejpjVlOe/izrB70Jof72aM=
golang.org/x/sync v0.0.0-20200625203802-6e8e738ad208/go.mod h1:RxMgew5VJxzue5/jJTE5uejpjVlOe/izrB70Jof72aM=
golang.org/x/sys v0.0.0-20190215142949-d0b11bdaac8a/go.mod h1:STP8DvDyc/dI5b8T5hshtkjS+E42TnysNCUPdjciGhY=
golang.org/x/sys v0.0.0-20190412213103-97732733099d/go.mod h1:h1NjWce9XRLGQEsW7wpKNCjG9DtNlClVuFLEZdDNbEs=
golang.org/x/sys v0.0.0-20200323222414-85ca7c5b95cd/go.mod h1:h1NjWce9XRLGQEsW7wpKNCjG9DtNlClVuFLEZdDNbEs=
golang.org/x/text v0.3.0/go.mod h1:NqM8EUOU14njkJ3fqMW+pc6Ldnwhi/IjpwHt7yyuwOQ=
golang.org/x/text v0.3.2/go.mod h1:bEr9sfX3Q8Zfm5fL9x+3itogRgK3+ptLWKqgva+5dAk=
golang.org/x/tools v0.0.0-20180917221912-90fa682c2a6e/go.mod h1:n7NCudcB/nEzxVGmLbDWY5pfWTLqBcC2KZ6jyYvM4mQ=
golang.org/x/tools v0.0.0-20191119224855-298f0cb1881e/go.mod h1:b+2E5dAYhXwXZwtnZ6UAqBI28+e2cm9otk0dWdXHAEo=
golang.org/x/tools v0.0.0-20200721032237-77f530d86f9a/go.mod h1:njjCfa9FT2d7l9Bc6FUM5FLjQPp3cFF28FI3qnDFljA=
golang.org/x/xerrors v0.0.0-20190717185122-a985d3407aa7/go.mod h1:I/5z698sn9Ka8TeJc9MKroUUfqBBauWjQqLJ2OPfmY0=
golang.org/x/xerrors v0.0.0-20191011141410-1b5146add898/go.mod h1:I/5z698sn9Ka8TeJc9MKroUUfqBBauWjQqLJ2OPfmY0=
golang.org/x/xerrors v0.0.0-20191204190536-9bdfabe68543/go.mod h1:I/5z698sn9Ka8TeJc9MKroUUfqBBauWjQqLJ2OPfmY0=
gopkg.in/check.v1 v0.0.0-20161208181325-20d25e280405/go.mod h1:Co6ibVJAznAaIkqp8huTwlJQCZ016jof/cbN4VW5Yz0=
gopkg.in/check.v1 v1.0.0-20190902080502-41f04d3bba15 h1:YR8cESwS4TdDjEe65xsg0ogRM/Nc3DYOhEAlW+xobZo=
gopkg.in/check.v1 v1.0.0-20190902080502-41f04d3bba15/go.mod h1:Co6ibVJAznAaIkqp8huTwlJQCZ016jof/cbN4VW5Yz0=
gopkg.in/go-playground/assert.v1 v1.2.1 h1:xoYuJVE7KT85PYWrN730RguIQO0ePzVRfFMXadIrXTM=
gopkg.in/go-playground/assert.v1 v1.2.1/go.mod h1:9RXL0bg/zibRAgZUYszZSwO/z8Y/a8bDuhia5mkpMnE=
gopkg.in/go-playground/validator.v9 v9.30.0 h1:Wk0Z37oBmKj9/n+tPyBHZmeL19LaCoK3Qq48VwYENss=
gopkg.in/go-playground/validator.v9 v9.30.0/go.mod h1:+c9/zcJMFNgbLvly1L1V+PpxWdVbfP1avr/N00E2vyQ=
gopkg.in/yaml.v2 v2.2.2/go.mod h1:hI93XBmqTisBFMUTm0b8Fm+jr3Dg1NNxqwp+5A1VGuI=
gopkg.in/yaml.v2 v2.2.3 h1:fvjTMHxHEw/mxHbtzPi3JCcKXQRAnQTBRo6YCJSVHKI=
gopkg.in/yaml.v2 v2.2.3/go.mod h1:hI93XBmqTisBFMUTm0b8Fm+jr3Dg1NNxqwp+5A1VGuI=
